
Microsoft Visual Studio Solution File, Format Version 12.00
# Visual Studio Version 17
VisualStudioVersion = 17.8.34511.84
MinimumVisualStudioVersion = 10.0.40219.1
Project("{FAE04EC0-301F-11D3-BF4B-00C04F79EFBC}") = "LINQ Assignments", "LINQ Assignments.csproj", "{0A99E799-B8B3-4367-9CB6-1A1955663D50}"
EndProject
Project("{FAE04EC0-301F-11D3-BF4B-00C04F79EFBC}") = "Task2", "Task2\Task2.csproj", "{0E45D0AE-7FD9-4B93-B055-4068836FF40A}"
EndProject
Global
	GlobalSection(SolutionConfigurationPlatforms) = preSolution
		Debug|Any CPU = Debug|Any CPU
		Release|Any CPU = Release|Any CPU
	EndGlobalSection
	GlobalSection(ProjectConfigurationPlatforms) = postSolution
		{0A99E799-B8B3-4367-9CB6-1A1955663D50}.Debug|Any CPU.ActiveCfg = Debug|Any CPU
		{0A99E799-B8B3-4367-9CB6-1A1955663D50}.Debug|Any CPU.Build.0 = Debug|Any CPU
		{0A99E799-B8B3-4367-9CB6-1A1955663D50}.Release|Any CPU.ActiveCfg = Release|Any CPU
		{0A99E799-B8B3-4367-9CB6-1A1955663D50}.Release|Any CPU.Build.0 = Release|Any CPU
		{0E45D0AE-7FD9-4B93-B055-4068836FF40A}.Debug|Any CPU.ActiveCfg = Debug|Any CPU
		{0E45D0AE-7FD9-4B93-B055-4068836FF40A}.Debug|Any CPU.Build.0 = Debug|Any CPU
		{0E45D0AE-7FD9-4B93-B055-4068836FF40A}.Release|Any CPU.ActiveCfg = Release|Any CPU
		{0E45D0AE-7FD9-4B93-B055-4068836FF40A}.Release|Any CPU.Build.0 = Release|Any CPU
	EndGlobalSection
	GlobalSection(SolutionProperties) = preSolution
		HideSolutionNode = FALSE
	EndGlobalSection
	GlobalSection(ExtensibilityGlobals) = postSolution
		SolutionGuid = {7FE94405-C7B0-436F-9A4F-691CA8AC47F3}
	EndGlobalSection
EndGlobal
